
Microsoft Visual Studio Solution File, Format Version 12.00
# Visual Studio Version 17
VisualStudioVersion = 17.7.33808.371
MinimumVisualStudioVersion = 10.0.40219.1
Project("{9A19103F-16F7-4668-BE54-9A1E7A4F7556}") = "BulkyWeb", "BulkyWeb\BulkyWeb.csproj", "{B9BEF05C-5424-476D-8795-463742456522}"
EndProject
Project("{FAE04EC0-301F-11D3-BF4B-00C04F79EFBC}") = "BulkyWebRazor_Temp", "BulkyWebRazor_Temp\BulkyWebRazor_Temp.csproj", "{530941BD-6154-4341-958F-80D9AA52BA4F}"
EndProject
Global
	GlobalSection(SolutionConfigurationPlatforms) = preSolution
		Debug|Any CPU = Debug|Any CPU
		Release|Any CPU = Release|Any CPU
	EndGlobalSection
	GlobalSection(ProjectConfigurationPlatforms) = postSolution
		{B9BEF05C-5424-476D-8795-463742456522}.Debug|Any CPU.ActiveCfg = Debug|Any CPU
		{B9BEF05C-5424-476D-8795-463742456522}.Debug|Any CPU.Build.0 = Debug|Any CPU
		{B9BEF05C-5424-476D-8795-463742456522}.Release|Any CPU.ActiveCfg = Release|Any CPU
		{B9BEF05C-5424-476D-8795-463742456522}.Release|Any CPU.Build.0 = Release|Any CPU
		{530941BD-6154-4341-958F-80D9AA52BA4F}.Debug|Any CPU.ActiveCfg = Debug|Any CPU
		{530941BD-6154-4341-958F-80D9AA52BA4F}.Debug|Any CPU.Build.0 = Debug|Any CPU
		{530941BD-6154-4341-958F-80D9AA52BA4F}.Release|Any CPU.ActiveCfg = Release|Any CPU
		{530941BD-6154-4341-958F-80D9AA52BA4F}.Release|Any CPU.Build.0 = Release|Any CPU
	EndGlobalSection
	GlobalSection(SolutionProperties) = preSolution
		HideSolutionNode = FALSE
	EndGlobalSection
	GlobalSection(ExtensibilityGlobals) = postSolution
		SolutionGuid = {34D549B3-DEA0-436A-81A9-FA731234B810}
	EndGlobalSection
EndGlobal
